// !$*UTF8*$!
{
	archiveVersion = 1;
	classes = {
	};
	objectVersion = 50;
	objects = {

/* Begin PBXBuildFile section */
		C92F5B35225A9A7A000F59B6 /* CategoryImageService.swift in Sources */ = {isa = PBXBuildFile; fileRef = C92F5B34225A9A7A000F59B6 /* CategoryImageService.swift */; };
		C9353EAE225A4F9C00D0CC4F /* QuestionView.swift in Sources */ = {isa = PBXBuildFile; fileRef = C9353EAD225A4F9C00D0CC4F /* QuestionView.swift */; };
		C9353EB0225A51D600D0CC4F /* QuestionView.xib in Resources */ = {isa = PBXBuildFile; fileRef = C9353EAF225A51D600D0CC4F /* QuestionView.xib */; };
		C94FB7942281D16D0034D560 /* QuizScreenViewController.swift in Sources */ = {isa = PBXBuildFile; fileRef = C94FB7922281D16D0034D560 /* QuizScreenViewController.swift */; };
		C94FB7952281D16D0034D560 /* QuizScreenViewController.xib in Resources */ = {isa = PBXBuildFile; fileRef = C94FB7932281D16D0034D560 /* QuizScreenViewController.xib */; };
		C94FB79722822E310034D560 /* QuestionViewDelegate.swift in Sources */ = {isa = PBXBuildFile; fileRef = C94FB79622822E310034D560 /* QuestionViewDelegate.swift */; };
		C969E7F2227DC8030003D209 /* UserData.swift in Sources */ = {isa = PBXBuildFile; fileRef = C969E7F1227DC8030003D209 /* UserData.swift */; };
		C969E7F5227F48F40003D209 /* QuizzesListViewController.swift in Sources */ = {isa = PBXBuildFile; fileRef = C969E7F3227F48F40003D209 /* QuizzesListViewController.swift */; };
		C969E7F6227F48F40003D209 /* QuizzesListViewController.xib in Resources */ = {isa = PBXBuildFile; fileRef = C969E7F4227F48F40003D209 /* QuizzesListViewController.xib */; };
		C96D36632258E1BF008E73F5 /* AppDelegate.swift in Sources */ = {isa = PBXBuildFile; fileRef = C96D36622258E1BF008E73F5 /* AppDelegate.swift */; };
		C96D366A2258E1C0008E73F5 /* Assets.xcassets in Resources */ = {isa = PBXBuildFile; fileRef = C96D36692258E1C0008E73F5 /* Assets.xcassets */; };
		C96D36B622590566008E73F5 /* InitialViewController.swift in Sources */ = {isa = PBXBuildFile; fileRef = C96D36B422590566008E73F5 /* InitialViewController.swift */; };
		C96D36B722590566008E73F5 /* InitialViewController.xib in Resources */ = {isa = PBXBuildFile; fileRef = C96D36B522590566008E73F5 /* InitialViewController.xib */; };
		C96D36BA22590D0E008E73F5 /* QuizzesService.swift in Sources */ = {isa = PBXBuildFile; fileRef = C96D36B922590D0E008E73F5 /* QuizzesService.swift */; };
		C96D36BC22590D33008E73F5 /* Question.swift in Sources */ = {isa = PBXBuildFile; fileRef = C96D36BB22590D33008E73F5 /* Question.swift */; };
		C96D36BE22590D52008E73F5 /* Quiz.swift in Sources */ = {isa = PBXBuildFile; fileRef = C96D36BD22590D52008E73F5 /* Quiz.swift */; };
		C96D36C822591304008E73F5 /* Category.swift in Sources */ = {isa = PBXBuildFile; fileRef = C96D36C722591304008E73F5 /* Category.swift */; };
		C96D36CA22595065008E73F5 /* Quizzes.swift in Sources */ = {isa = PBXBuildFile; fileRef = C96D36C922595065008E73F5 /* Quizzes.swift */; };
		C9724118227DA6E2002265F9 /* LoginViewController.swift in Sources */ = {isa = PBXBuildFile; fileRef = C9724116227DA6E2002265F9 /* LoginViewController.swift */; };
		C9724119227DA6E2002265F9 /* LoginViewController.xib in Resources */ = {isa = PBXBuildFile; fileRef = C9724117227DA6E2002265F9 /* LoginViewController.xib */; };
		C972411B227DB729002265F9 /* LoginService.swift in Sources */ = {isa = PBXBuildFile; fileRef = C972411A227DB729002265F9 /* LoginService.swift */; };
		C980ADB6228365820048B295 /* SaveQuizService.swift in Sources */ = {isa = PBXBuildFile; fileRef = C980ADB5228365820048B295 /* SaveQuizService.swift */; };
		C980ADB8228373240048B295 /* ServerResponse.swift in Sources */ = {isa = PBXBuildFile; fileRef = C980ADB7228373240048B295 /* ServerResponse.swift */; };
		C99720BF228094EE00163503 /* QuizViewCell.swift in Sources */ = {isa = PBXBuildFile; fileRef = C99720BD228094EE00163503 /* QuizViewCell.swift */; };
		C99720C0228094EE00163503 /* QuizViewCell.xib in Resources */ = {isa = PBXBuildFile; fileRef = C99720BE228094EE00163503 /* QuizViewCell.xib */; };
		C9C6244B22AFEADB00E30D62 /* TabBarViewController.swift in Sources */ = {isa = PBXBuildFile; fileRef = C9C6244A22AFEADB00E30D62 /* TabBarViewController.swift */; };
		C9C6244E22AFED3000E30D62 /* LeaderboardViewController.swift in Sources */ = {isa = PBXBuildFile; fileRef = C9C6244C22AFED3000E30D62 /* LeaderboardViewController.swift */; };
		C9C6244F22AFED3000E30D62 /* LeaderboardViewController.xib in Resources */ = {isa = PBXBuildFile; fileRef = C9C6244D22AFED3000E30D62 /* LeaderboardViewController.xib */; };
		C9C6245222AFED5E00E30D62 /* SettingsViewController.swift in Sources */ = {isa = PBXBuildFile; fileRef = C9C6245022AFED5E00E30D62 /* SettingsViewController.swift */; };
		C9C6245322AFED5E00E30D62 /* SettingsViewController.xib in Resources */ = {isa = PBXBuildFile; fileRef = C9C6245122AFED5E00E30D62 /* SettingsViewController.xib */; };
		C9C6245622AFF0AF00E30D62 /* SearchViewController.swift in Sources */ = {isa = PBXBuildFile; fileRef = C9C6245422AFF0AF00E30D62 /* SearchViewController.swift */; };
		C9C6245722AFF0AF00E30D62 /* SearchViewController.xib in Resources */ = {isa = PBXBuildFile; fileRef = C9C6245522AFF0AF00E30D62 /* SearchViewController.xib */; };
		C9C6245922AFF24200E30D62 /* LeaderboardService.swift in Sources */ = {isa = PBXBuildFile; fileRef = C9C6245822AFF24200E30D62 /* LeaderboardService.swift */; };
		C9C6245B22B0054600E30D62 /* LeaderboardDataList.swift in Sources */ = {isa = PBXBuildFile; fileRef = C9C6245A22B0054600E30D62 /* LeaderboardDataList.swift */; };
		C9C6245D22B0056C00E30D62 /* LeaderboardData.swift in Sources */ = {isa = PBXBuildFile; fileRef = C9C6245C22B0056C00E30D62 /* LeaderboardData.swift */; };
/* End PBXBuildFile section */

/* Begin PBXFileReference section */
		C92F5B34225A9A7A000F59B6 /* CategoryImageService.swift */ = {isa = PBXFileReference; lastKnownFileType = sourcecode.swift; path = CategoryImageService.swift; sourceTree = "<group>"; };
		C9353EAD225A4F9C00D0CC4F /* QuestionView.swift */ = {isa = PBXFileReference; lastKnownFileType = sourcecode.swift; path = QuestionView.swift; sourceTree = "<group>"; };
		C9353EAF225A51D600D0CC4F /* QuestionView.xib */ = {isa = PBXFileReference; lastKnownFileType = file.xib; path = QuestionView.xib; sourceTree = "<group>"; };
		C94FB7922281D16D0034D560 /* QuizScreenViewController.swift */ = {isa = PBXFileReference; lastKnownFileType = sourcecode.swift; path = QuizScreenViewController.swift; sourceTree = "<group>"; };
		C94FB7932281D16D0034D560 /* QuizScreenViewController.xib */ = {isa = PBXFileReference; lastKnownFileType = file.xib; path = QuizScreenViewController.xib; sourceTree = "<group>"; };
		C94FB79622822E310034D560 /* QuestionViewDelegate.swift */ = {isa = PBXFileReference; lastKnownFileType = sourcecode.swift; path = QuestionViewDelegate.swift; sourceTree = "<group>"; };
		C969E7F1227DC8030003D209 /* UserData.swift */ = {isa = PBXFileReference; lastKnownFileType = sourcecode.swift; path = UserData.swift; sourceTree = "<group>"; };
		C969E7F3227F48F40003D209 /* QuizzesListViewController.swift */ = {isa = PBXFileReference; lastKnownFileType = sourcecode.swift; path = QuizzesListViewController.swift; sourceTree = "<group>"; };
		C969E7F4227F48F40003D209 /* QuizzesListViewController.xib */ = {isa = PBXFileReference; lastKnownFileType = file.xib; path = QuizzesListViewController.xib; sourceTree = "<group>"; };
		C96D365F2258E1BF008E73F5 /* QuizApp.app */ = {isa = PBXFileReference; explicitFileType = wrapper.application; includeInIndex = 0; path = QuizApp.app; sourceTree = BUILT_PRODUCTS_DIR; };
		C96D36622258E1BF008E73F5 /* AppDelegate.swift */ = {isa = PBXFileReference; lastKnownFileType = sourcecode.swift; path = AppDelegate.swift; sourceTree = "<group>"; };
		C96D36692258E1C0008E73F5 /* Assets.xcassets */ = {isa = PBXFileReference; lastKnownFileType = folder.assetcatalog; path = Assets.xcassets; sourceTree = "<group>"; };
		C96D366E2258E1C0008E73F5 /* Info.plist */ = {isa = PBXFileReference; lastKnownFileType = text.plist.xml; path = Info.plist; sourceTree = "<group>"; };
		C96D36B422590566008E73F5 /* InitialViewController.swift */ = {isa = PBXFileReference; lastKnownFileType = sourcecode.swift; path = InitialViewController.swift; sourceTree = "<group>"; };
		C96D36B522590566008E73F5 /* InitialViewController.xib */ = {isa = PBXFileReference; lastKnownFileType = file.xib; path = InitialViewController.xib; sourceTree = "<group>"; };
		C96D36B922590D0E008E73F5 /* QuizzesService.swift */ = {isa = PBXFileReference; lastKnownFileType = sourcecode.swift; path = QuizzesService.swift; sourceTree = "<group>"; };
		C96D36BB22590D33008E73F5 /* Question.swift */ = {isa = PBXFileReference; lastKnownFileType = sourcecode.swift; path = Question.swift; sourceTree = "<group>"; };
		C96D36BD22590D52008E73F5 /* Quiz.swift */ = {isa = PBXFileReference; lastKnownFileType = sourcecode.swift; path = Quiz.swift; sourceTree = "<group>"; };
		C96D36C722591304008E73F5 /* Category.swift */ = {isa = PBXFileReference; lastKnownFileType = sourcecode.swift; path = Category.swift; sourceTree = "<group>"; };
		C96D36C922595065008E73F5 /* Quizzes.swift */ = {isa = PBXFileReference; lastKnownFileType = sourcecode.swift; path = Quizzes.swift; sourceTree = "<group>"; };
		C9724116227DA6E2002265F9 /* LoginViewController.swift */ = {isa = PBXFileReference; lastKnownFileType = sourcecode.swift; path = LoginViewController.swift; sourceTree = "<group>"; };
		C9724117227DA6E2002265F9 /* LoginViewController.xib */ = {isa = PBXFileReference; lastKnownFileType = file.xib; path = LoginViewController.xib; sourceTree = "<group>"; };
		C972411A227DB729002265F9 /* LoginService.swift */ = {isa = PBXFileReference; lastKnownFileType = sourcecode.swift; path = LoginService.swift; sourceTree = "<group>"; };
		C980ADB5228365820048B295 /* SaveQuizService.swift */ = {isa = PBXFileReference; lastKnownFileType = sourcecode.swift; path = SaveQuizService.swift; sourceTree = "<group>"; };
		C980ADB7228373240048B295 /* ServerResponse.swift */ = {isa = PBXFileReference; lastKnownFileType = sourcecode.swift; path = ServerResponse.swift; sourceTree = "<group>"; };
		C99720BD228094EE00163503 /* QuizViewCell.swift */ = {isa = PBXFileReference; lastKnownFileType = sourcecode.swift; path = QuizViewCell.swift; sourceTree = "<group>"; };
		C99720BE228094EE00163503 /* QuizViewCell.xib */ = {isa = PBXFileReference; lastKnownFileType = file.xib; path = QuizViewCell.xib; sourceTree = "<group>"; };
		C9C6244A22AFEADB00E30D62 /* TabBarViewController.swift */ = {isa = PBXFileReference; lastKnownFileType = sourcecode.swift; path = TabBarViewController.swift; sourceTree = "<group>"; };
		C9C6244C22AFED3000E30D62 /* LeaderboardViewController.swift */ = {isa = PBXFileReference; lastKnownFileType = sourcecode.swift; path = LeaderboardViewController.swift; sourceTree = "<group>"; };
		C9C6244D22AFED3000E30D62 /* LeaderboardViewController.xib */ = {isa = PBXFileReference; lastKnownFileType = file.xib; path = LeaderboardViewController.xib; sourceTree = "<group>"; };
		C9C6245022AFED5E00E30D62 /* SettingsViewController.swift */ = {isa = PBXFileReference; lastKnownFileType = sourcecode.swift; path = SettingsViewController.swift; sourceTree = "<group>"; };
		C9C6245122AFED5E00E30D62 /* SettingsViewController.xib */ = {isa = PBXFileReference; lastKnownFileType = file.xib; path = SettingsViewController.xib; sourceTree = "<group>"; };
		C9C6245422AFF0AF00E30D62 /* SearchViewController.swift */ = {isa = PBXFileReference; lastKnownFileType = sourcecode.swift; path = SearchViewController.swift; sourceTree = "<group>"; };
		C9C6245522AFF0AF00E30D62 /* SearchViewController.xib */ = {isa = PBXFileReference; lastKnownFileType = file.xib; path = SearchViewController.xib; sourceTree = "<group>"; };
		C9C6245822AFF24200E30D62 /* LeaderboardService.swift */ = {isa = PBXFileReference; lastKnownFileType = sourcecode.swift; path = LeaderboardService.swift; sourceTree = "<group>"; };
		C9C6245A22B0054600E30D62 /* LeaderboardDataList.swift */ = {isa = PBXFileReference; lastKnownFileType = sourcecode.swift; path = LeaderboardDataList.swift; sourceTree = "<group>"; };
		C9C6245C22B0056C00E30D62 /* LeaderboardData.swift */ = {isa = PBXFileReference; lastKnownFileType = sourcecode.swift; path = LeaderboardData.swift; sourceTree = "<group>"; };
/* End PBXFileReference section */

/* Begin PBXFrameworksBuildPhase section */
		C96D365C2258E1BF008E73F5 /* Frameworks */ = {
			isa = PBXFrameworksBuildPhase;
			buildActionMask = 2147483647;
			files = (
			);
			runOnlyForDeploymentPostprocessing = 0;
		};
/* End PBXFrameworksBuildPhase section */

/* Begin PBXGroup section */
		C96D36562258E1BF008E73F5 = {
			isa = PBXGroup;
			children = (
				C96D36612258E1BF008E73F5 /* QuizApp */,
				C96D36602258E1BF008E73F5 /* Products */,
			);
			sourceTree = "<group>";
		};
		C96D36602258E1BF008E73F5 /* Products */ = {
			isa = PBXGroup;
			children = (
				C96D365F2258E1BF008E73F5 /* QuizApp.app */,
			);
			name = Products;
			sourceTree = "<group>";
		};
		C96D36612258E1BF008E73F5 /* QuizApp */ = {
			isa = PBXGroup;
			children = (
				C96D36B82259086E008E73F5 /* Models */,
				C96D36B3225903E9008E73F5 /* Controllers */,
				C96D36B2225903DE008E73F5 /* Views */,
				C96D36B0225903C3008E73F5 /* Services */,
				C96D36622258E1BF008E73F5 /* AppDelegate.swift */,
				C96D36692258E1C0008E73F5 /* Assets.xcassets */,
				C96D366E2258E1C0008E73F5 /* Info.plist */,
				C94FB79622822E310034D560 /* QuestionViewDelegate.swift */,
			);
			path = QuizApp;
			sourceTree = "<group>";
		};
		C96D36B0225903C3008E73F5 /* Services */ = {
			isa = PBXGroup;
			children = (
				C96D36B922590D0E008E73F5 /* QuizzesService.swift */,
				C92F5B34225A9A7A000F59B6 /* CategoryImageService.swift */,
				C972411A227DB729002265F9 /* LoginService.swift */,
				C980ADB5228365820048B295 /* SaveQuizService.swift */,
				C9C6245822AFF24200E30D62 /* LeaderboardService.swift */,
			);
			path = Services;
			sourceTree = "<group>";
		};
		C96D36B2225903DE008E73F5 /* Views */ = {
			isa = PBXGroup;
			children = (
				C9353EAD225A4F9C00D0CC4F /* QuestionView.swift */,
				C9353EAF225A51D600D0CC4F /* QuestionView.xib */,
				C99720BD228094EE00163503 /* QuizViewCell.swift */,
				C99720BE228094EE00163503 /* QuizViewCell.xib */,
			);
			path = Views;
			sourceTree = "<group>";
		};
		C96D36B3225903E9008E73F5 /* Controllers */ = {
			isa = PBXGroup;
			children = (
				C96D36B422590566008E73F5 /* InitialViewController.swift */,
				C96D36B522590566008E73F5 /* InitialViewController.xib */,
				C9724116227DA6E2002265F9 /* LoginViewController.swift */,
				C9724117227DA6E2002265F9 /* LoginViewController.xib */,
				C969E7F3227F48F40003D209 /* QuizzesListViewController.swift */,
				C969E7F4227F48F40003D209 /* QuizzesListViewController.xib */,
				C94FB7922281D16D0034D560 /* QuizScreenViewController.swift */,
				C94FB7932281D16D0034D560 /* QuizScreenViewController.xib */,
				C9C6244A22AFEADB00E30D62 /* TabBarViewController.swift */,
				C9C6244C22AFED3000E30D62 /* LeaderboardViewController.swift */,
				C9C6244D22AFED3000E30D62 /* LeaderboardViewController.xib */,
				C9C6245022AFED5E00E30D62 /* SettingsViewController.swift */,
				C9C6245122AFED5E00E30D62 /* SettingsViewController.xib */,
				C9C6245422AFF0AF00E30D62 /* SearchViewController.swift */,
				C9C6245522AFF0AF00E30D62 /* SearchViewController.xib */,
			);
			path = Controllers;
			sourceTree = "<group>";
		};
		C96D36B82259086E008E73F5 /* Models */ = {
			isa = PBXGroup;
			children = (
				C96D36BB22590D33008E73F5 /* Question.swift */,
				C96D36BD22590D52008E73F5 /* Quiz.swift */,
				C96D36C722591304008E73F5 /* Category.swift */,
				C96D36C922595065008E73F5 /* Quizzes.swift */,
				C969E7F1227DC8030003D209 /* UserData.swift */,
				C980ADB7228373240048B295 /* ServerResponse.swift */,
				C9C6245A22B0054600E30D62 /* LeaderboardDataList.swift */,
				C9C6245C22B0056C00E30D62 /* LeaderboardData.swift */,
			);
			path = Models;
			sourceTree = "<group>";
		};
/* End PBXGroup section */

/* Begin PBXNativeTarget section */
		C96D365E2258E1BF008E73F5 /* QuizApp */ = {
			isa = PBXNativeTarget;
			buildConfigurationList = C96D36712258E1C0008E73F5 /* Build configuration list for PBXNativeTarget "QuizApp" */;
			buildPhases = (
				C96D365B2258E1BF008E73F5 /* Sources */,
				C96D365C2258E1BF008E73F5 /* Frameworks */,
				C96D365D2258E1BF008E73F5 /* Resources */,
			);
			buildRules = (
			);
			dependencies = (
			);
			name = QuizApp;
			productName = QuizApp;
			productReference = C96D365F2258E1BF008E73F5 /* QuizApp.app */;
			productType = "com.apple.product-type.application";
		};
/* End PBXNativeTarget section */

/* Begin PBXProject section */
		C96D36572258E1BF008E73F5 /* Project object */ = {
			isa = PBXProject;
			attributes = {
				LastSwiftUpdateCheck = 1010;
				LastUpgradeCheck = 1010;
				ORGANIZATIONNAME = "Lovro Pejic";
				TargetAttributes = {
					C96D365E2258E1BF008E73F5 = {
						CreatedOnToolsVersion = 10.1;
					};
				};
			};
			buildConfigurationList = C96D365A2258E1BF008E73F5 /* Build configuration list for PBXProject "QuizApp" */;
			compatibilityVersion = "Xcode 9.3";
			developmentRegion = en;
			hasScannedForEncodings = 0;
			knownRegions = (
				en,
				Base,
			);
			mainGroup = C96D36562258E1BF008E73F5;
			productRefGroup = C96D36602258E1BF008E73F5 /* Products */;
			projectDirPath = "";
			projectRoot = "";
			targets = (
				C96D365E2258E1BF008E73F5 /* QuizApp */,
			);
		};
/* End PBXProject section */

/* Begin PBXResourcesBuildPhase section */
		C96D365D2258E1BF008E73F5 /* Resources */ = {
			isa = PBXResourcesBuildPhase;
			buildActionMask = 2147483647;
			files = (
				C969E7F6227F48F40003D209 /* QuizzesListViewController.xib in Resources */,
				C9C6245322AFED5E00E30D62 /* SettingsViewController.xib in Resources */,
				C9724119227DA6E2002265F9 /* LoginViewController.xib in Resources */,
				C9C6244F22AFED3000E30D62 /* LeaderboardViewController.xib in Resources */,
				C96D366A2258E1C0008E73F5 /* Assets.xcassets in Resources */,
				C94FB7952281D16D0034D560 /* QuizScreenViewController.xib in Resources */,
				C99720C0228094EE00163503 /* QuizViewCell.xib in Resources */,
				C96D36B722590566008E73F5 /* InitialViewController.xib in Resources */,
				C9C6245722AFF0AF00E30D62 /* SearchViewController.xib in Resources */,
				C9353EB0225A51D600D0CC4F /* QuestionView.xib in Resources */,
			);
			runOnlyForDeploymentPostprocessing = 0;
		};
/* End PBXResourcesBuildPhase section */

/* Begin PBXSourcesBuildPhase section */
		C96D365B2258E1BF008E73F5 /* Sources */ = {
			isa = PBXSourcesBuildPhase;
			buildActionMask = 2147483647;
			files = (
				C9353EAE225A4F9C00D0CC4F /* QuestionView.swift in Sources */,
				C96D36BA22590D0E008E73F5 /* QuizzesService.swift in Sources */,
				C9C6245222AFED5E00E30D62 /* SettingsViewController.swift in Sources */,
				C9C6244E22AFED3000E30D62 /* LeaderboardViewController.swift in Sources */,
				C96D36B622590566008E73F5 /* InitialViewController.swift in Sources */,
				C94FB79722822E310034D560 /* QuestionViewDelegate.swift in Sources */,
				C96D36632258E1BF008E73F5 /* AppDelegate.swift in Sources */,
				C9C6245B22B0054600E30D62 /* LeaderboardDataList.swift in Sources */,
				C96D36CA22595065008E73F5 /* Quizzes.swift in Sources */,
				C94FB7942281D16D0034D560 /* QuizScreenViewController.swift in Sources */,
				C99720BF228094EE00163503 /* QuizViewCell.swift in Sources */,
				C96D36BC22590D33008E73F5 /* Question.swift in Sources */,
				C980ADB6228365820048B295 /* SaveQuizService.swift in Sources */,
				C9C6245622AFF0AF00E30D62 /* SearchViewController.swift in Sources */,
				C9C6245D22B0056C00E30D62 /* LeaderboardData.swift in Sources */,
				C9C6245922AFF24200E30D62 /* LeaderboardService.swift in Sources */,
				C969E7F2227DC8030003D209 /* UserData.swift in Sources */,
				C972411B227DB729002265F9 /* LoginService.swift in Sources */,
				C96D36BE22590D52008E73F5 /* Quiz.swift in Sources */,
				C9C6244B22AFEADB00E30D62 /* TabBarViewController.swift in Sources */,
				C980ADB8228373240048B295 /* ServerResponse.swift in Sources */,
				C96D36C822591304008E73F5 /* Category.swift in Sources */,
				C9724118227DA6E2002265F9 /* LoginViewController.swift in Sources */,
				C969E7F5227F48F40003D209 /* QuizzesListViewController.swift in Sources */,
				C92F5B35225A9A7A000F59B6 /* CategoryImageService.swift in Sources */,
			);
			runOnlyForDeploymentPostprocessing = 0;
		};
/* End PBXSourcesBuildPhase section */

/* Begin XCBuildConfiguration section */
		C96D366F2258E1C0008E73F5 /* Debug */ = {
			isa = XCBuildConfiguration;
			buildSettings = {
				ALWAYS_SEARCH_USER_PATHS = NO;
				CLANG_ANALYZER_NONNULL = YES;
				CLANG_ANALYZER_NUMBER_OBJECT_CONVERSION = YES_AGGRESSIVE;
				CLANG_CXX_LANGUAGE_STANDARD = "gnu++14";
				CLANG_CXX_LIBRARY = "libc++";
				CLANG_ENABLE_MODULES = YES;
				CLANG_ENABLE_OBJC_ARC = YES;
				CLANG_ENABLE_OBJC_WEAK = YES;
				CLANG_WARN_BLOCK_CAPTURE_AUTORELEASING = YES;
				CLANG_WARN_BOOL_CONVERSION = YES;
				CLANG_WARN_COMMA = YES;
				CLANG_WARN_CONSTANT_CONVERSION = YES;
				CLANG_WARN_DEPRECATED_OBJC_IMPLEMENTATIONS = YES;
				CLANG_WARN_DIRECT_OBJC_ISA_USAGE = YES_ERROR;
				CLANG_WARN_DOCUMENTATION_COMMENTS = YES;
				CLANG_WARN_EMPTY_BODY = YES;
				CLANG_WARN_ENUM_CONVERSION = YES;
				CLANG_WARN_INFINITE_RECURSION = YES;
				CLANG_WARN_INT_CONVERSION = YES;
				CLANG_WARN_NON_LITERAL_NULL_CONVERSION = YES;
				CLANG_WARN_OBJC_IMPLICIT_RETAIN_SELF = YES;
				CLANG_WARN_OBJC_LITERAL_CONVERSION = YES;
				CLANG_WARN_OBJC_ROOT_CLASS = YES_ERROR;
				CLANG_WARN_RANGE_LOOP_ANALYSIS = YES;
				CLANG_WARN_STRICT_PROTOTYPES = YES;
				CLANG_WARN_SUSPICIOUS_MOVE = YES;
				CLANG_WARN_UNGUARDED_AVAILABILITY = YES_AGGRESSIVE;
				CLANG_WARN_UNREACHABLE_CODE = YES;
				CLANG_WARN__DUPLICATE_METHOD_MATCH = YES;
				CODE_SIGN_IDENTITY = "iPhone Developer";
				COPY_PHASE_STRIP = NO;
				DEBUG_INFORMATION_FORMAT = dwarf;
				ENABLE_STRICT_OBJC_MSGSEND = YES;
				ENABLE_TESTABILITY = YES;
				GCC_C_LANGUAGE_STANDARD = gnu11;
				GCC_DYNAMIC_NO_PIC = NO;
				GCC_NO_COMMON_BLOCKS = YES;
				GCC_OPTIMIZATION_LEVEL = 0;
				GCC_PREPROCESSOR_DEFINITIONS = (
					"DEBUG=1",
					"$(inherited)",
				);
				GCC_WARN_64_TO_32_BIT_CONVERSION = YES;
				GCC_WARN_ABOUT_RETURN_TYPE = YES_ERROR;
				GCC_WARN_UNDECLARED_SELECTOR = YES;
				GCC_WARN_UNINITIALIZED_AUTOS = YES_AGGRESSIVE;
				GCC_WARN_UNUSED_FUNCTION = YES;
				GCC_WARN_UNUSED_VARIABLE = YES;
				IPHONEOS_DEPLOYMENT_TARGET = 12.1;
				MTL_ENABLE_DEBUG_INFO = INCLUDE_SOURCE;
				MTL_FAST_MATH = YES;
				ONLY_ACTIVE_ARCH = YES;
				SDKROOT = iphoneos;
				SWIFT_ACTIVE_COMPILATION_CONDITIONS = DEBUG;
				SWIFT_OPTIMIZATION_LEVEL = "-Onone";
			};
			name = Debug;
		};
		C96D36702258E1C0008E73F5 /* Release */ = {
			isa = XCBuildConfiguration;
			buildSettings = {
				ALWAYS_SEARCH_USER_PATHS = NO;
				CLANG_ANALYZER_NONNULL = YES;
				CLANG_ANALYZER_NUMBER_OBJECT_CONVERSION = YES_AGGRESSIVE;
				CLANG_CXX_LANGUAGE_STANDARD = "gnu++14";
				CLANG_CXX_LIBRARY = "libc++";
				CLANG_ENABLE_MODULES = YES;
				CLANG_ENABLE_OBJC_ARC = YES;
				CLANG_ENABLE_OBJC_WEAK = YES;
				CLANG_WARN_BLOCK_CAPTURE_AUTORELEASING = YES;
				CLANG_WARN_BOOL_CONVERSION = YES;
				CLANG_WARN_COMMA = YES;
				CLANG_WARN_CONSTANT_CONVERSION = YES;
				CLANG_WARN_DEPRECATED_OBJC_IMPLEMENTATIONS = YES;
				CLANG_WARN_DIRECT_OBJC_ISA_USAGE = YES_ERROR;
				CLANG_WARN_DOCUMENTATION_COMMENTS = YES;
				CLANG_WARN_EMPTY_BODY = YES;
				CLANG_WARN_ENUM_CONVERSION = YES;
				CLANG_WARN_INFINITE_RECURSION = YES;
				CLANG_WARN_INT_CONVERSION = YES;
				CLANG_WARN_NON_LITERAL_NULL_CONVERSION = YES;
				CLANG_WARN_OBJC_IMPLICIT_RETAIN_SELF = YES;
				CLANG_WARN_OBJC_LITERAL_CONVERSION = YES;
				CLANG_WARN_OBJC_ROOT_CLASS = YES_ERROR;
				CLANG_WARN_RANGE_LOOP_ANALYSIS = YES;
				CLANG_WARN_STRICT_PROTOTYPES = YES;
				CLANG_WARN_SUSPICIOUS_MOVE = YES;
				CLANG_WARN_UNGUARDED_AVAILABILITY = YES_AGGRESSIVE;
				CLANG_WARN_UNREACHABLE_CODE = YES;
				CLANG_WARN__DUPLICATE_METHOD_MATCH = YES;
				CODE_SIGN_IDENTITY = "iPhone Developer";
				COPY_PHASE_STRIP = NO;
				DEBUG_INFORMATION_FORMAT = "dwarf-with-dsym";
				ENABLE_NS_ASSERTIONS = NO;
				ENABLE_STRICT_OBJC_MSGSEND = YES;
				GCC_C_LANGUAGE_STANDARD = gnu11;
				GCC_NO_COMMON_BLOCKS = YES;
				GCC_WARN_64_TO_32_BIT_CONVERSION = YES;
				GCC_WARN_ABOUT_RETURN_TYPE = YES_ERROR;
				GCC_WARN_UNDECLARED_SELECTOR = YES;
				GCC_WARN_UNINITIALIZED_AUTOS = YES_AGGRESSIVE;
				GCC_WARN_UNUSED_FUNCTION = YES;
				GCC_WARN_UNUSED_VARIABLE = YES;
				IPHONEOS_DEPLOYMENT_TARGET = 12.1;
				MTL_ENABLE_DEBUG_INFO = NO;
				MTL_FAST_MATH = YES;
				SDKROOT = iphoneos;
				SWIFT_COMPILATION_MODE = wholemodule;
				SWIFT_OPTIMIZATION_LEVEL = "-O";
				VALIDATE_PRODUCT = YES;
			};
			name = Release;
		};
		C96D36722258E1C0008E73F5 /* Debug */ = {
			isa = XCBuildConfiguration;
			buildSettings = {
				ASSETCATALOG_COMPILER_APPICON_NAME = AppIcon;
				CODE_SIGN_STYLE = Automatic;
				DEVELOPMENT_TEAM = 8PWW7JWF4T;
				INFOPLIST_FILE = QuizApp/Info.plist;
				IPHONEOS_DEPLOYMENT_TARGET = 11.4.1;
				LD_RUNPATH_SEARCH_PATHS = (
					"$(inherited)",
					"@executable_path/Frameworks",
				);
				PRODUCT_BUNDLE_IDENTIFIER = hr.fer.ios.QuizApp;
				PRODUCT_NAME = "$(TARGET_NAME)";
				SWIFT_VERSION = 4.2;
				TARGETED_DEVICE_FAMILY = "1,2";
			};
			name = Debug;
		};
		C96D36732258E1C0008E73F5 /* Release */ = {
			isa = XCBuildConfiguration;
			buildSettings = {
				ASSETCATALOG_COMPILER_APPICON_NAME = AppIcon;
				CODE_SIGN_STYLE = Automatic;
				DEVELOPMENT_TEAM = 8PWW7JWF4T;
				INFOPLIST_FILE = QuizApp/Info.plist;
				IPHONEOS_DEPLOYMENT_TARGET = 11.4.1;
				LD_RUNPATH_SEARCH_PATHS = (
					"$(inherited)",
					"@executable_path/Frameworks",
				);
				PRODUCT_BUNDLE_IDENTIFIER = hr.fer.ios.QuizApp;
				PRODUCT_NAME = "$(TARGET_NAME)";
				SWIFT_VERSION = 4.2;
				TARGETED_DEVICE_FAMILY = "1,2";
			};
			name = Release;
		};
/* End XCBuildConfiguration section */

/* Begin XCConfigurationList section */
		C96D365A2258E1BF008E73F5 /* Build configuration list for PBXProject "QuizApp" */ = {
			isa = XCConfigurationList;
			buildConfigurations = (
				C96D366F2258E1C0008E73F5 /* Debug */,
				C96D36702258E1C0008E73F5 /* Release */,
			);
			defaultConfigurationIsVisible = 0;
			defaultConfigurationName = Release;
		};
		C96D36712258E1C0008E73F5 /* Build configuration list for PBXNativeTarget "QuizApp" */ = {
			isa = XCConfigurationList;
			buildConfigurations = (
				C96D36722258E1C0008E73F5 /* Debug */,
				C96D36732258E1C0008E73F5 /* Release */,
			);
			defaultConfigurationIsVisible = 0;
			defaultConfigurationName = Release;
		};
/* End XCConfigurationList section */
	};
	rootObject = C96D36572258E1BF008E73F5 /* Project object */;
}
